
Microsoft Visual Studio Solution File, Format Version 12.00
# Visual Studio Version 17
VisualStudioVersion = 17.1.32328.378
MinimumVisualStudioVersion = 10.0.40219.1
Project("{9A19103F-16F7-4668-BE54-9A1E7A4F7556}") = "BaseIdentityProject", "BaseIdentityProject\BaseIdentityProject.csproj", "{E87CFC06-9608-4907-AA78-4F67A78E480F}"
EndProject
Project("{9A19103F-16F7-4668-BE54-9A1E7A4F7556}") = "WebApp.Strategy", "WebApp.Strategy\WebApp.Strategy.csproj", "{FF97202C-23A8-4BE7-895F-BB9759505884}"
EndProject
Project("{9A19103F-16F7-4668-BE54-9A1E7A4F7556}") = "ObserverHF", "ObserverHF\ObserverHF.csproj", "{1DCDBCF2-8C46-4561-A369-6533F7058AAB}"
EndProject
Project("{9A19103F-16F7-4668-BE54-9A1E7A4F7556}") = "WebApp.Observer", "WebApp.Observer\WebApp.Observer.csproj", "{6BADF0CC-325E-48B0-9A02-9805068F33B0}"
EndProject
Project("{FAE04EC0-301F-11D3-BF4B-00C04F79EFBC}") = "DecoratorHF", "DecoratorHF\DecoratorHF.csproj", "{CF993163-5EFA-4974-8100-DA5FC8E37A00}"
EndProject
Project("{9A19103F-16F7-4668-BE54-9A1E7A4F7556}") = "WebApp.Decorator", "WebApp.Decorator\WebApp.Decorator.csproj", "{5E072388-969E-46FD-9E8E-0C397D70ECE4}"
EndProject
Global
	GlobalSection(SolutionConfigurationPlatforms) = preSolution
		Debug|Any CPU = Debug|Any CPU
		Release|Any CPU = Release|Any CPU
	EndGlobalSection
	GlobalSection(ProjectConfigurationPlatforms) = postSolution
		{E87CFC06-9608-4907-AA78-4F67A78E480F}.Debug|Any CPU.ActiveCfg = Debug|Any CPU
		{E87CFC06-9608-4907-AA78-4F67A78E480F}.Debug|Any CPU.Build.0 = Debug|Any CPU
		{E87CFC06-9608-4907-AA78-4F67A78E480F}.Release|Any CPU.ActiveCfg = Release|Any CPU
		{E87CFC06-9608-4907-AA78-4F67A78E480F}.Release|Any CPU.Build.0 = Release|Any CPU
		{FF97202C-23A8-4BE7-895F-BB9759505884}.Debug|Any CPU.ActiveCfg = Debug|Any CPU
		{FF97202C-23A8-4BE7-895F-BB9759505884}.Debug|Any CPU.Build.0 = Debug|Any CPU
		{FF97202C-23A8-4BE7-895F-BB9759505884}.Release|Any CPU.ActiveCfg = Release|Any CPU
		{FF97202C-23A8-4BE7-895F-BB9759505884}.Release|Any CPU.Build.0 = Release|Any CPU
		{1DCDBCF2-8C46-4561-A369-6533F7058AAB}.Debug|Any CPU.ActiveCfg = Debug|Any CPU
		{1DCDBCF2-8C46-4561-A369-6533F7058AAB}.Debug|Any CPU.Build.0 = Debug|Any CPU
		{1DCDBCF2-8C46-4561-A369-6533F7058AAB}.Release|Any CPU.ActiveCfg = Release|Any CPU
		{1DCDBCF2-8C46-4561-A369-6533F7058AAB}.Release|Any CPU.Build.0 = Release|Any CPU
		{6BADF0CC-325E-48B0-9A02-9805068F33B0}.Debug|Any CPU.ActiveCfg = Debug|Any CPU
		{6BADF0CC-325E-48B0-9A02-9805068F33B0}.Debug|Any CPU.Build.0 = Debug|Any CPU
		{6BADF0CC-325E-48B0-9A02-9805068F33B0}.Release|Any CPU.ActiveCfg = Release|Any CPU
		{6BADF0CC-325E-48B0-9A02-9805068F33B0}.Release|Any CPU.Build.0 = Release|Any CPU
		{CF993163-5EFA-4974-8100-DA5FC8E37A00}.Debug|Any CPU.ActiveCfg = Debug|Any CPU
		{CF993163-5EFA-4974-8100-DA5FC8E37A00}.Debug|Any CPU.Build.0 = Debug|Any CPU
		{CF993163-5EFA-4974-8100-DA5FC8E37A00}.Release|Any CPU.ActiveCfg = Release|Any CPU
		{CF993163-5EFA-4974-8100-DA5FC8E37A00}.Release|Any CPU.Build.0 = Release|Any CPU
		{5E072388-969E-46FD-9E8E-0C397D70ECE4}.Debug|Any CPU.ActiveCfg = Debug|Any CPU
		{5E072388-969E-46FD-9E8E-0C397D70ECE4}.Debug|Any CPU.Build.0 = Debug|Any CPU
		{5E072388-969E-46FD-9E8E-0C397D70ECE4}.Release|Any CPU.ActiveCfg = Release|Any CPU
		{5E072388-969E-46FD-9E8E-0C397D70ECE4}.Release|Any CPU.Build.0 = Release|Any CPU
	EndGlobalSection
	GlobalSection(SolutionProperties) = preSolution
		HideSolutionNode = FALSE
	EndGlobalSection
	GlobalSection(ExtensibilityGlobals) = postSolution
		SolutionGuid = {393D41B9-F67E-4264-9433-548DC5BB7FC0}
	EndGlobalSection
EndGlobal
